
Microsoft Visual Studio Solution File, Format Version 12.00
Project("{FAE04EC0-301F-11D3-BF4B-00C04F79EFBC}") = "PDFSample", "PDFSample\PDFSample\PDFSample.csproj", "{16F2C3AA-B857-4DBC-AF10-855ABB83459E}"
EndProject
Project("{FAE04EC0-301F-11D3-BF4B-00C04F79EFBC}") = "PDFSample.Droid", "PDFSample\PDFSample.Droid\PDFSample.Droid.csproj", "{5C68E2BA-451D-4C3A-8015-21557C988E5A}"
EndProject
Project("{FAE04EC0-301F-11D3-BF4B-00C04F79EFBC}") = "PDFSample.iOS", "PDFSample\PDFSample.iOS\PDFSample.iOS.csproj", "{984B495A-BD87-492E-9FAC-41C9EBCEA3E8}"
EndProject
Global
	GlobalSection(SolutionConfigurationPlatforms) = preSolution
		Ad-Hoc|iPhone = Ad-Hoc|iPhone
		AppStore|iPhone = AppStore|iPhone
		Debug|Any CPU = Debug|Any CPU
		Debug|iPhone = Debug|iPhone
		Debug|iPhoneSimulator = Debug|iPhoneSimulator
		Release|Any CPU = Release|Any CPU
		Release|iPhone = Release|iPhone
		Release|iPhoneSimulator = Release|iPhoneSimulator
	EndGlobalSection
	GlobalSection(ProjectConfigurationPlatforms) = postSolution
		{16F2C3AA-B857-4DBC-AF10-855ABB83459E}.Ad-Hoc|iPhone.ActiveCfg = Debug|Any CPU
		{16F2C3AA-B857-4DBC-AF10-855ABB83459E}.Ad-Hoc|iPhone.Build.0 = Debug|Any CPU
		{16F2C3AA-B857-4DBC-AF10-855ABB83459E}.AppStore|iPhone.ActiveCfg = Debug|Any CPU
		{16F2C3AA-B857-4DBC-AF10-855ABB83459E}.AppStore|iPhone.Build.0 = Debug|Any CPU
		{16F2C3AA-B857-4DBC-AF10-855ABB83459E}.Debug|Any CPU.ActiveCfg = Debug|Any CPU
		{16F2C3AA-B857-4DBC-AF10-855ABB83459E}.Debug|Any CPU.Build.0 = Debug|Any CPU
		{16F2C3AA-B857-4DBC-AF10-855ABB83459E}.Debug|iPhone.ActiveCfg = Debug|Any CPU
		{16F2C3AA-B857-4DBC-AF10-855ABB83459E}.Debug|iPhone.Build.0 = Debug|Any CPU
		{16F2C3AA-B857-4DBC-AF10-855ABB83459E}.Debug|iPhoneSimulator.ActiveCfg = Debug|Any CPU
		{16F2C3AA-B857-4DBC-AF10-855ABB83459E}.Debug|iPhoneSimulator.Build.0 = Debug|Any CPU
		{16F2C3AA-B857-4DBC-AF10-855ABB83459E}.Release|Any CPU.ActiveCfg = Release|Any CPU
		{16F2C3AA-B857-4DBC-AF10-855ABB83459E}.Release|Any CPU.Build.0 = Release|Any CPU
		{16F2C3AA-B857-4DBC-AF10-855ABB83459E}.Release|iPhone.ActiveCfg = Release|Any CPU
		{16F2C3AA-B857-4DBC-AF10-855ABB83459E}.Release|iPhone.Build.0 = Release|Any CPU
		{16F2C3AA-B857-4DBC-AF10-855ABB83459E}.Release|iPhoneSimulator.ActiveCfg = Release|Any CPU
		{16F2C3AA-B857-4DBC-AF10-855ABB83459E}.Release|iPhoneSimulator.Build.0 = Release|Any CPU
		{5C68E2BA-451D-4C3A-8015-21557C988E5A}.Ad-Hoc|iPhone.ActiveCfg = Debug|Any CPU
		{5C68E2BA-451D-4C3A-8015-21557C988E5A}.Ad-Hoc|iPhone.Build.0 = Debug|Any CPU
		{5C68E2BA-451D-4C3A-8015-21557C988E5A}.Ad-Hoc|iPhone.Deploy.0 = Debug|Any CPU
		{5C68E2BA-451D-4C3A-8015-21557C988E5A}.AppStore|iPhone.ActiveCfg = Debug|Any CPU
		{5C68E2BA-451D-4C3A-8015-21557C988E5A}.AppStore|iPhone.Build.0 = Debug|Any CPU
		{5C68E2BA-451D-4C3A-8015-21557C988E5A}.AppStore|iPhone.Deploy.0 = Debug|Any CPU
		{5C68E2BA-451D-4C3A-8015-21557C988E5A}.Debug|Any CPU.ActiveCfg = Debug|Any CPU
		{5C68E2BA-451D-4C3A-8015-21557C988E5A}.Debug|Any CPU.Build.0 = Debug|Any CPU
		{5C68E2BA-451D-4C3A-8015-21557C988E5A}.Debug|Any CPU.Deploy.0 = Debug|Any CPU
		{5C68E2BA-451D-4C3A-8015-21557C988E5A}.Debug|iPhone.ActiveCfg = Debug|Any CPU
		{5C68E2BA-451D-4C3A-8015-21557C988E5A}.Debug|iPhone.Build.0 = Debug|Any CPU
		{5C68E2BA-451D-4C3A-8015-21557C988E5A}.Debug|iPhone.Deploy.0 = Debug|Any CPU
		{5C68E2BA-451D-4C3A-8015-21557C988E5A}.Debug|iPhoneSimulator.ActiveCfg = Debug|Any CPU
		{5C68E2BA-451D-4C3A-8015-21557C988E5A}.Debug|iPhoneSimulator.Build.0 = Debug|Any CPU
		{5C68E2BA-451D-4C3A-8015-21557C988E5A}.Debug|iPhoneSimulator.Deploy.0 = Debug|Any CPU
		{5C68E2BA-451D-4C3A-8015-21557C988E5A}.Release|Any CPU.ActiveCfg = Release|Any CPU
		{5C68E2BA-451D-4C3A-8015-21557C988E5A}.Release|Any CPU.Build.0 = Release|Any CPU
		{5C68E2BA-451D-4C3A-8015-21557C988E5A}.Release|Any CPU.Deploy.0 = Release|Any CPU
		{5C68E2BA-451D-4C3A-8015-21557C988E5A}.Release|iPhone.ActiveCfg = Release|Any CPU
		{5C68E2BA-451D-4C3A-8015-21557C988E5A}.Release|iPhone.Build.0 = Release|Any CPU
		{5C68E2BA-451D-4C3A-8015-21557C988E5A}.Release|iPhone.Deploy.0 = Release|Any CPU
		{5C68E2BA-451D-4C3A-8015-21557C988E5A}.Release|iPhoneSimulator.ActiveCfg = Release|Any CPU
		{5C68E2BA-451D-4C3A-8015-21557C988E5A}.Release|iPhoneSimulator.Build.0 = Release|Any CPU
		{5C68E2BA-451D-4C3A-8015-21557C988E5A}.Release|iPhoneSimulator.Deploy.0 = Release|Any CPU
		{984B495A-BD87-492E-9FAC-41C9EBCEA3E8}.Ad-Hoc|iPhone.ActiveCfg = Ad-Hoc|iPhone
		{984B495A-BD87-492E-9FAC-41C9EBCEA3E8}.Ad-Hoc|iPhone.Build.0 = Ad-Hoc|iPhone
		{984B495A-BD87-492E-9FAC-41C9EBCEA3E8}.Ad-Hoc|iPhone.Deploy.0 = Ad-Hoc|iPhone
		{984B495A-BD87-492E-9FAC-41C9EBCEA3E8}.AppStore|iPhone.ActiveCfg = AppStore|iPhone
		{984B495A-BD87-492E-9FAC-41C9EBCEA3E8}.AppStore|iPhone.Build.0 = AppStore|iPhone
		{984B495A-BD87-492E-9FAC-41C9EBCEA3E8}.AppStore|iPhone.Deploy.0 = AppStore|iPhone
		{984B495A-BD87-492E-9FAC-41C9EBCEA3E8}.Debug|Any CPU.ActiveCfg = Debug|iPhoneSimulator
		{984B495A-BD87-492E-9FAC-41C9EBCEA3E8}.Debug|Any CPU.Build.0 = Debug|iPhoneSimulator
		{984B495A-BD87-492E-9FAC-41C9EBCEA3E8}.Debug|Any CPU.Deploy.0 = Debug|iPhoneSimulator
		{984B495A-BD87-492E-9FAC-41C9EBCEA3E8}.Debug|iPhone.ActiveCfg = Debug|iPhone
		{984B495A-BD87-492E-9FAC-41C9EBCEA3E8}.Debug|iPhone.Build.0 = Debug|iPhone
		{984B495A-BD87-492E-9FAC-41C9EBCEA3E8}.Debug|iPhone.Deploy.0 = Debug|iPhone
		{984B495A-BD87-492E-9FAC-41C9EBCEA3E8}.Debug|iPhoneSimulator.ActiveCfg = Debug|iPhoneSimulator
		{984B495A-BD87-492E-9FAC-41C9EBCEA3E8}.Debug|iPhoneSimulator.Build.0 = Debug|iPhoneSimulator
		{984B495A-BD87-492E-9FAC-41C9EBCEA3E8}.Debug|iPhoneSimulator.Deploy.0 = Debug|iPhoneSimulator
		{984B495A-BD87-492E-9FAC-41C9EBCEA3E8}.Release|Any CPU.ActiveCfg = Release|iPhoneSimulator
		{984B495A-BD87-492E-9FAC-41C9EBCEA3E8}.Release|Any CPU.Build.0 = Release|iPhoneSimulator
		{984B495A-BD87-492E-9FAC-41C9EBCEA3E8}.Release|Any CPU.Deploy.0 = Release|iPhoneSimulator
		{984B495A-BD87-492E-9FAC-41C9EBCEA3E8}.Release|iPhone.ActiveCfg = Release|iPhone
		{984B495A-BD87-492E-9FAC-41C9EBCEA3E8}.Release|iPhone.Build.0 = Release|iPhone
		{984B495A-BD87-492E-9FAC-41C9EBCEA3E8}.Release|iPhone.Deploy.0 = Release|iPhone
		{984B495A-BD87-492E-9FAC-41C9EBCEA3E8}.Release|iPhoneSimulator.ActiveCfg = Release|iPhoneSimulator
		{984B495A-BD87-492E-9FAC-41C9EBCEA3E8}.Release|iPhoneSimulator.Build.0 = Release|iPhoneSimulator
		{984B495A-BD87-492E-9FAC-41C9EBCEA3E8}.Release|iPhoneSimulator.Deploy.0 = Release|iPhoneSimulator
	EndGlobalSection
EndGlobal
